
Microsoft Visual Studio Solution File, Format Version 12.00
# Visual Studio Version 16
VisualStudioVersion = 16.0.29806.167
MinimumVisualStudioVersion = 10.0.40219.1
Project("{FAE04EC0-301F-11D3-BF4B-00C04F79EFBC}") = "Gestion Stagaires (Al Omrane)", "Gestion Stagaires (Al Omrane)\Gestion Stagaires (Al Omrane).csproj", "{C8BA7577-7605-4952-89BF-97848EC05274}"
EndProject
Global
	GlobalSection(SolutionConfigurationPlatforms) = preSolution
		Debug|Any CPU = Debug|Any CPU
		Release|Any CPU = Release|Any CPU
	EndGlobalSection
	GlobalSection(ProjectConfigurationPlatforms) = postSolution
		{C8BA7577-7605-4952-89BF-97848EC05274}.Debug|Any CPU.ActiveCfg = Debug|Any CPU
		{C8BA7577-7605-4952-89BF-97848EC05274}.Debug|Any CPU.Build.0 = Debug|Any CPU
		{C8BA7577-7605-4952-89BF-97848EC05274}.Release|Any CPU.ActiveCfg = Release|Any CPU
		{C8BA7577-7605-4952-89BF-97848EC05274}.Release|Any CPU.Build.0 = Release|Any CPU
	EndGlobalSection
	GlobalSection(SolutionProperties) = preSolution
		HideSolutionNode = FALSE
	EndGlobalSection
	GlobalSection(ExtensibilityGlobals) = postSolution
		SolutionGuid = {11C74C95-E763-4575-9270-6EC8C78F3C39}
	EndGlobalSection
EndGlobal
